
Microsoft Visual Studio Solution File, Format Version 12.00
# Visual Studio Version 16
VisualStudioVersion = 16.0.31702.278
MinimumVisualStudioVersion = 10.0.40219.1
Project("{FAE04EC0-301F-11D3-BF4B-00C04F79EFBC}") = "6.1вариант9", "6.1вариант9.csproj", "{85177AB7-8884-443C-B5E6-655F5AE53473}"
EndProject
Global
	GlobalSection(SolutionConfigurationPlatforms) = preSolution
		Debug|Any CPU = Debug|Any CPU
		Release|Any CPU = Release|Any CPU
	EndGlobalSection
	GlobalSection(ProjectConfigurationPlatforms) = postSolution
		{85177AB7-8884-443C-B5E6-655F5AE53473}.Debug|Any CPU.ActiveCfg = Debug|Any CPU
		{85177AB7-8884-443C-B5E6-655F5AE53473}.Debug|Any CPU.Build.0 = Debug|Any CPU
		{85177AB7-8884-443C-B5E6-655F5AE53473}.Release|Any CPU.ActiveCfg = Release|Any CPU
		{85177AB7-8884-443C-B5E6-655F5AE53473}.Release|Any CPU.Build.0 = Release|Any CPU
	EndGlobalSection
	GlobalSection(SolutionProperties) = preSolution
		HideSolutionNode = FALSE
	EndGlobalSection
	GlobalSection(ExtensibilityGlobals) = postSolution
		SolutionGuid = {D1810AD2-8D17-4E6C-882A-D01C419E6EA3}
	EndGlobalSection
EndGlobal
