
Microsoft Visual Studio Solution File, Format Version 12.00
# Visual Studio Version 16
VisualStudioVersion = 16.0.31702.278
MinimumVisualStudioVersion = 10.0.40219.1
Project("{FAE04EC0-301F-11D3-BF4B-00C04F79EFBC}") = "ClassLibrary1", "ClassLibrary1.csproj", "{46C13EE8-FAF8-4301-A033-30002CEC7C75}"
EndProject
Project("{FAE04EC0-301F-11D3-BF4B-00C04F79EFBC}") = "Tests", "..\Tests\Tests.csproj", "{FB228719-0FEC-4F8C-BE5B-21F9CF78FF27}"
EndProject
Global
	GlobalSection(SolutionConfigurationPlatforms) = preSolution
		Debug|Any CPU = Debug|Any CPU
		Release|Any CPU = Release|Any CPU
	EndGlobalSection
	GlobalSection(ProjectConfigurationPlatforms) = postSolution
		{46C13EE8-FAF8-4301-A033-30002CEC7C75}.Debug|Any CPU.ActiveCfg = Debug|Any CPU
		{46C13EE8-FAF8-4301-A033-30002CEC7C75}.Debug|Any CPU.Build.0 = Debug|Any CPU
		{46C13EE8-FAF8-4301-A033-30002CEC7C75}.Release|Any CPU.ActiveCfg = Release|Any CPU
		{46C13EE8-FAF8-4301-A033-30002CEC7C75}.Release|Any CPU.Build.0 = Release|Any CPU
		{FB228719-0FEC-4F8C-BE5B-21F9CF78FF27}.Debug|Any CPU.ActiveCfg = Debug|Any CPU
		{FB228719-0FEC-4F8C-BE5B-21F9CF78FF27}.Debug|Any CPU.Build.0 = Debug|Any CPU
		{FB228719-0FEC-4F8C-BE5B-21F9CF78FF27}.Release|Any CPU.ActiveCfg = Release|Any CPU
		{FB228719-0FEC-4F8C-BE5B-21F9CF78FF27}.Release|Any CPU.Build.0 = Release|Any CPU
	EndGlobalSection
	GlobalSection(SolutionProperties) = preSolution
		HideSolutionNode = FALSE
	EndGlobalSection
	GlobalSection(ExtensibilityGlobals) = postSolution
		SolutionGuid = {E565A57F-162C-4555-B5F5-46D78A586DDA}
	EndGlobalSection
EndGlobal
