
Microsoft Visual Studio Solution File, Format Version 12.00
# Visual Studio Version 16
VisualStudioVersion = 16.0.31702.278
MinimumVisualStudioVersion = 10.0.40219.1
Project("{FAE04EC0-301F-11D3-BF4B-00C04F79EFBC}") = "task11_library", "task11_library.csproj", "{9EB4E905-593A-4B95-A8CD-D33811456CE0}"
EndProject
Global
	GlobalSection(SolutionConfigurationPlatforms) = preSolution
		Debug|Any CPU = Debug|Any CPU
		Release|Any CPU = Release|Any CPU
	EndGlobalSection
	GlobalSection(ProjectConfigurationPlatforms) = postSolution
		{9EB4E905-593A-4B95-A8CD-D33811456CE0}.Debug|Any CPU.ActiveCfg = Debug|Any CPU
		{9EB4E905-593A-4B95-A8CD-D33811456CE0}.Debug|Any CPU.Build.0 = Debug|Any CPU
		{9EB4E905-593A-4B95-A8CD-D33811456CE0}.Release|Any CPU.ActiveCfg = Release|Any CPU
		{9EB4E905-593A-4B95-A8CD-D33811456CE0}.Release|Any CPU.Build.0 = Release|Any CPU
	EndGlobalSection
	GlobalSection(SolutionProperties) = preSolution
		HideSolutionNode = FALSE
	EndGlobalSection
	GlobalSection(ExtensibilityGlobals) = postSolution
		SolutionGuid = {27807F3E-3DDE-423D-A99B-1D07056921CF}
	EndGlobalSection
EndGlobal
