
Microsoft Visual Studio Solution File, Format Version 12.00
# Visual Studio Version 16
VisualStudioVersion = 16.0.31702.278
MinimumVisualStudioVersion = 10.0.40219.1
Project("{FAE04EC0-301F-11D3-BF4B-00C04F79EFBC}") = "задание9 вариант9", "задание9 вариант9.csproj", "{46C843B8-278E-4596-BB1B-BA7BA611624B}"
EndProject
Global
	GlobalSection(SolutionConfigurationPlatforms) = preSolution
		Debug|Any CPU = Debug|Any CPU
		Release|Any CPU = Release|Any CPU
	EndGlobalSection
	GlobalSection(ProjectConfigurationPlatforms) = postSolution
		{46C843B8-278E-4596-BB1B-BA7BA611624B}.Debug|Any CPU.ActiveCfg = Debug|Any CPU
		{46C843B8-278E-4596-BB1B-BA7BA611624B}.Debug|Any CPU.Build.0 = Debug|Any CPU
		{46C843B8-278E-4596-BB1B-BA7BA611624B}.Release|Any CPU.ActiveCfg = Release|Any CPU
		{46C843B8-278E-4596-BB1B-BA7BA611624B}.Release|Any CPU.Build.0 = Release|Any CPU
	EndGlobalSection
	GlobalSection(SolutionProperties) = preSolution
		HideSolutionNode = FALSE
	EndGlobalSection
	GlobalSection(ExtensibilityGlobals) = postSolution
		SolutionGuid = {5A856C1C-E565-459F-AA47-5BB58BAD1CDC}
	EndGlobalSection
EndGlobal
